
Microsoft Visual Studio Solution File, Format Version 11.00
# Visual Studio 2010
Project("{FAE04EC0-301F-11D3-BF4B-00C04F79EFBC}") = "POCAvatar", "Assembly-CSharp-firstpass.csproj", "{05347FFD-3C3E-F2D8-A8F2-757C27A6E9F2}"
EndProject
Project("{FAE04EC0-301F-11D3-BF4B-00C04F79EFBC}") = "POCAvatar", "Assembly-CSharp.csproj", "{1F512096-FC4B-2B0F-515C-10DFDB164B62}"
EndProject
Project("{FAE04EC0-301F-11D3-BF4B-00C04F79EFBC}") = "POCAvatar", "Assembly-CSharp-Editor-firstpass.csproj", "{8661389E-690B-9FAA-546B-28C336A6F8A1}"
EndProject
Global
	GlobalSection(SolutionConfigurationPlatforms) = preSolution
		Debug|Any CPU = Debug|Any CPU
		Release|Any CPU = Release|Any CPU
	EndGlobalSection
	GlobalSection(ProjectConfigurationPlatforms) = postSolution
		{05347FFD-3C3E-F2D8-A8F2-757C27A6E9F2}.Debug|Any CPU.ActiveCfg = Debug|Any CPU
		{05347FFD-3C3E-F2D8-A8F2-757C27A6E9F2}.Debug|Any CPU.Build.0 = Debug|Any CPU
		{05347FFD-3C3E-F2D8-A8F2-757C27A6E9F2}.Release|Any CPU.ActiveCfg = Release|Any CPU
		{05347FFD-3C3E-F2D8-A8F2-757C27A6E9F2}.Release|Any CPU.Build.0 = Release|Any CPU
		{1F512096-FC4B-2B0F-515C-10DFDB164B62}.Debug|Any CPU.ActiveCfg = Debug|Any CPU
		{1F512096-FC4B-2B0F-515C-10DFDB164B62}.Debug|Any CPU.Build.0 = Debug|Any CPU
		{1F512096-FC4B-2B0F-515C-10DFDB164B62}.Release|Any CPU.ActiveCfg = Release|Any CPU
		{1F512096-FC4B-2B0F-515C-10DFDB164B62}.Release|Any CPU.Build.0 = Release|Any CPU
		{8661389E-690B-9FAA-546B-28C336A6F8A1}.Debug|Any CPU.ActiveCfg = Debug|Any CPU
		{8661389E-690B-9FAA-546B-28C336A6F8A1}.Debug|Any CPU.Build.0 = Debug|Any CPU
		{8661389E-690B-9FAA-546B-28C336A6F8A1}.Release|Any CPU.ActiveCfg = Release|Any CPU
		{8661389E-690B-9FAA-546B-28C336A6F8A1}.Release|Any CPU.Build.0 = Release|Any CPU
	EndGlobalSection
	GlobalSection(SolutionProperties) = preSolution
		HideSolutionNode = FALSE
	EndGlobalSection
	GlobalSection(MonoDevelopProperties) = preSolution
		StartupItem = Assembly-CSharp.csproj
	EndGlobalSection
EndGlobal
